{
  "name": "react-native-af-video-player",
  "version": "0.2.1",
  "lockfileVersion": 1,
  "requires": true,
  "dependencies": {
    "react-native-linear-gradient": {
      "version": "2.5.4",
      "resolved": "https://registry.npmjs.org/react-native-linear-gradient/-/react-native-linear-gradient-2.5.4.tgz",
      "integrity": "sha512-FF1NhlerA4uBiS0gFIHa4FBp8/aftv4vPj14Y47lGNkYjSI94tnI6oYO3EfUxXjEyCUPiOVNKZOB9kScyjc5Ew=="
    }
  }
}
